
Microsoft Visual Studio Solution File, Format Version 12.00
# Visual Studio 14
VisualStudioVersion = 14.0.23107.0
MinimumVisualStudioVersion = 10.0.40219.1
Project("{FAE04EC0-301F-11D3-BF4B-00C04F79EFBC}") = "Doando.Ui", "Doando.Ui\Doando.Ui.csproj", "{B6D0E5B7-90BB-477C-A3C2-06701AC76557}"
EndProject
Project("{FAE04EC0-301F-11D3-BF4B-00C04F79EFBC}") = "Doando.Busines", "Doando.Busines\Doando.Busines.csproj", "{2C3E1496-94F9-4EA9-82EF-CB921190140C}"
EndProject
Project("{FAE04EC0-301F-11D3-BF4B-00C04F79EFBC}") = "Doando.Dao", "Doando.Dao\Doando.Dao.csproj", "{752EC279-0AC3-4030-9B30-B968A9A65EA3}"
EndProject
Project("{FAE04EC0-301F-11D3-BF4B-00C04F79EFBC}") = "Doando.Domain", "Doando.Domain\Doando.Domain.csproj", "{4943D78F-07E6-41FD-80F4-F7791C5E4816}"
EndProject
Global
	GlobalSection(SolutionConfigurationPlatforms) = preSolution
		Debug|Any CPU = Debug|Any CPU
		Release|Any CPU = Release|Any CPU
	EndGlobalSection
	GlobalSection(ProjectConfigurationPlatforms) = postSolution
		{B6D0E5B7-90BB-477C-A3C2-06701AC76557}.Debug|Any CPU.ActiveCfg = Debug|Any CPU
		{B6D0E5B7-90BB-477C-A3C2-06701AC76557}.Debug|Any CPU.Build.0 = Debug|Any CPU
		{B6D0E5B7-90BB-477C-A3C2-06701AC76557}.Release|Any CPU.ActiveCfg = Release|Any CPU
		{B6D0E5B7-90BB-477C-A3C2-06701AC76557}.Release|Any CPU.Build.0 = Release|Any CPU
		{2C3E1496-94F9-4EA9-82EF-CB921190140C}.Debug|Any CPU.ActiveCfg = Debug|Any CPU
		{2C3E1496-94F9-4EA9-82EF-CB921190140C}.Debug|Any CPU.Build.0 = Debug|Any CPU
		{2C3E1496-94F9-4EA9-82EF-CB921190140C}.Release|Any CPU.ActiveCfg = Release|Any CPU
		{2C3E1496-94F9-4EA9-82EF-CB921190140C}.Release|Any CPU.Build.0 = Release|Any CPU
		{752EC279-0AC3-4030-9B30-B968A9A65EA3}.Debug|Any CPU.ActiveCfg = Debug|Any CPU
		{752EC279-0AC3-4030-9B30-B968A9A65EA3}.Debug|Any CPU.Build.0 = Debug|Any CPU
		{752EC279-0AC3-4030-9B30-B968A9A65EA3}.Release|Any CPU.ActiveCfg = Release|Any CPU
		{752EC279-0AC3-4030-9B30-B968A9A65EA3}.Release|Any CPU.Build.0 = Release|Any CPU
		{4943D78F-07E6-41FD-80F4-F7791C5E4816}.Debug|Any CPU.ActiveCfg = Debug|Any CPU
		{4943D78F-07E6-41FD-80F4-F7791C5E4816}.Debug|Any CPU.Build.0 = Debug|Any CPU
		{4943D78F-07E6-41FD-80F4-F7791C5E4816}.Release|Any CPU.ActiveCfg = Release|Any CPU
		{4943D78F-07E6-41FD-80F4-F7791C5E4816}.Release|Any CPU.Build.0 = Release|Any CPU
	EndGlobalSection
	GlobalSection(SolutionProperties) = preSolution
		HideSolutionNode = FALSE
	EndGlobalSection
EndGlobal
